
Microsoft Visual Studio Solution File, Format Version 12.00
# Visual Studio Version 17
VisualStudioVersion = 17.7.34031.279
MinimumVisualStudioVersion = 10.0.40219.1
Project("{FAE04EC0-301F-11D3-BF4B-00C04F79EFBC}") = "FactorialCalculator", "FactorialCalculator.csproj", "{1FF1EA4D-99AC-489A-B74B-28E3598DEFB9}"
EndProject
Global
	GlobalSection(SolutionConfigurationPlatforms) = preSolution
		Debug|Any CPU = Debug|Any CPU
		Release|Any CPU = Release|Any CPU
	EndGlobalSection
	GlobalSection(ProjectConfigurationPlatforms) = postSolution
		{1FF1EA4D-99AC-489A-B74B-28E3598DEFB9}.Debug|Any CPU.ActiveCfg = Debug|Any CPU
		{1FF1EA4D-99AC-489A-B74B-28E3598DEFB9}.Debug|Any CPU.Build.0 = Debug|Any CPU
		{1FF1EA4D-99AC-489A-B74B-28E3598DEFB9}.Release|Any CPU.ActiveCfg = Release|Any CPU
		{1FF1EA4D-99AC-489A-B74B-28E3598DEFB9}.Release|Any CPU.Build.0 = Release|Any CPU
	EndGlobalSection
	GlobalSection(SolutionProperties) = preSolution
		HideSolutionNode = FALSE
	EndGlobalSection
	GlobalSection(ExtensibilityGlobals) = postSolution
		SolutionGuid = {5CC3DAC3-BEC7-4E97-8773-2A4EC2960AD6}
	EndGlobalSection
EndGlobal
