
Microsoft Visual Studio Solution File, Format Version 12.00
# Visual Studio Version 17
VisualStudioVersion = 17.7.34031.279
MinimumVisualStudioVersion = 10.0.40219.1
Project("{FAE04EC0-301F-11D3-BF4B-00C04F79EFBC}") = "SentenceBuilder", "SentenceBuilder.csproj", "{525D8F20-CDE2-455A-A496-DA515FC26477}"
EndProject
Global
	GlobalSection(SolutionConfigurationPlatforms) = preSolution
		Debug|Any CPU = Debug|Any CPU
		Release|Any CPU = Release|Any CPU
	EndGlobalSection
	GlobalSection(ProjectConfigurationPlatforms) = postSolution
		{525D8F20-CDE2-455A-A496-DA515FC26477}.Debug|Any CPU.ActiveCfg = Debug|Any CPU
		{525D8F20-CDE2-455A-A496-DA515FC26477}.Debug|Any CPU.Build.0 = Debug|Any CPU
		{525D8F20-CDE2-455A-A496-DA515FC26477}.Release|Any CPU.ActiveCfg = Release|Any CPU
		{525D8F20-CDE2-455A-A496-DA515FC26477}.Release|Any CPU.Build.0 = Release|Any CPU
	EndGlobalSection
	GlobalSection(SolutionProperties) = preSolution
		HideSolutionNode = FALSE
	EndGlobalSection
	GlobalSection(ExtensibilityGlobals) = postSolution
		SolutionGuid = {BCCBB3E5-1563-4098-B259-EFFDD15933F3}
	EndGlobalSection
EndGlobal
