
Microsoft Visual Studio Solution File, Format Version 12.00
# Visual Studio Version 17
VisualStudioVersion = 17.7.34031.279
MinimumVisualStudioVersion = 10.0.40219.1
Project("{FAE04EC0-301F-11D3-BF4B-00C04F79EFBC}") = "SlotMachineSimulation7.10", "SlotMachineSimulation7.10.csproj", "{80C21D86-25D8-416A-ABDF-67EEF528972E}"
EndProject
Global
	GlobalSection(SolutionConfigurationPlatforms) = preSolution
		Debug|Any CPU = Debug|Any CPU
		Release|Any CPU = Release|Any CPU
	EndGlobalSection
	GlobalSection(ProjectConfigurationPlatforms) = postSolution
		{80C21D86-25D8-416A-ABDF-67EEF528972E}.Debug|Any CPU.ActiveCfg = Debug|Any CPU
		{80C21D86-25D8-416A-ABDF-67EEF528972E}.Debug|Any CPU.Build.0 = Debug|Any CPU
		{80C21D86-25D8-416A-ABDF-67EEF528972E}.Release|Any CPU.ActiveCfg = Release|Any CPU
		{80C21D86-25D8-416A-ABDF-67EEF528972E}.Release|Any CPU.Build.0 = Release|Any CPU
	EndGlobalSection
	GlobalSection(SolutionProperties) = preSolution
		HideSolutionNode = FALSE
	EndGlobalSection
	GlobalSection(ExtensibilityGlobals) = postSolution
		SolutionGuid = {DC21C8C5-D422-4E80-BB2B-5C81AD272E7E}
	EndGlobalSection
EndGlobal
