
Microsoft Visual Studio Solution File, Format Version 12.00
# Visual Studio Version 17
VisualStudioVersion = 17.7.34031.279
MinimumVisualStudioVersion = 10.0.40219.1
Project("{FAE04EC0-301F-11D3-BF4B-00C04F79EFBC}") = "DriversLicenseExam7.4", "DriversLicenseExam7.4.csproj", "{976125BF-3C5C-449F-871C-9F023214FF4A}"
EndProject
Global
	GlobalSection(SolutionConfigurationPlatforms) = preSolution
		Debug|Any CPU = Debug|Any CPU
		Release|Any CPU = Release|Any CPU
	EndGlobalSection
	GlobalSection(ProjectConfigurationPlatforms) = postSolution
		{976125BF-3C5C-449F-871C-9F023214FF4A}.Debug|Any CPU.ActiveCfg = Debug|Any CPU
		{976125BF-3C5C-449F-871C-9F023214FF4A}.Debug|Any CPU.Build.0 = Debug|Any CPU
		{976125BF-3C5C-449F-871C-9F023214FF4A}.Release|Any CPU.ActiveCfg = Release|Any CPU
		{976125BF-3C5C-449F-871C-9F023214FF4A}.Release|Any CPU.Build.0 = Release|Any CPU
	EndGlobalSection
	GlobalSection(SolutionProperties) = preSolution
		HideSolutionNode = FALSE
	EndGlobalSection
	GlobalSection(ExtensibilityGlobals) = postSolution
		SolutionGuid = {52A8233D-7054-4A28-BE40-DBD9B9083E1C}
	EndGlobalSection
EndGlobal
