
Microsoft Visual Studio Solution File, Format Version 12.00
# Visual Studio Version 17
VisualStudioVersion = 17.7.34024.191
MinimumVisualStudioVersion = 10.0.40219.1
Project("{FAE04EC0-301F-11D3-BF4B-00C04F79EFBC}") = "BMICalculatorDB", "BMICalculatorDB\BMICalculatorDB.csproj", "{860A9C89-07A9-4105-9E09-8A14000C5E3C}"
EndProject
Global
	GlobalSection(SolutionConfigurationPlatforms) = preSolution
		Debug|Any CPU = Debug|Any CPU
		Release|Any CPU = Release|Any CPU
	EndGlobalSection
	GlobalSection(ProjectConfigurationPlatforms) = postSolution
		{860A9C89-07A9-4105-9E09-8A14000C5E3C}.Debug|Any CPU.ActiveCfg = Debug|Any CPU
		{860A9C89-07A9-4105-9E09-8A14000C5E3C}.Debug|Any CPU.Build.0 = Debug|Any CPU
		{860A9C89-07A9-4105-9E09-8A14000C5E3C}.Release|Any CPU.ActiveCfg = Release|Any CPU
		{860A9C89-07A9-4105-9E09-8A14000C5E3C}.Release|Any CPU.Build.0 = Release|Any CPU
	EndGlobalSection
	GlobalSection(SolutionProperties) = preSolution
		HideSolutionNode = FALSE
	EndGlobalSection
	GlobalSection(ExtensibilityGlobals) = postSolution
		SolutionGuid = {9B20BE7A-53F6-4CAA-BC06-D77F693EEC61}
	EndGlobalSection
EndGlobal
