
Microsoft Visual Studio Solution File, Format Version 12.00
# Visual Studio Version 17
VisualStudioVersion = 17.7.34031.279
MinimumVisualStudioVersion = 10.0.40219.1
Project("{FAE04EC0-301F-11D3-BF4B-00C04F79EFBC}") = "SentenceCapitalizer8.3", "SentenceCapitalizer8.3.csproj", "{47AB4AB9-B993-445E-A9A7-F2D72B5ABF94}"
EndProject
Global
	GlobalSection(SolutionConfigurationPlatforms) = preSolution
		Debug|Any CPU = Debug|Any CPU
		Release|Any CPU = Release|Any CPU
	EndGlobalSection
	GlobalSection(ProjectConfigurationPlatforms) = postSolution
		{47AB4AB9-B993-445E-A9A7-F2D72B5ABF94}.Debug|Any CPU.ActiveCfg = Debug|Any CPU
		{47AB4AB9-B993-445E-A9A7-F2D72B5ABF94}.Debug|Any CPU.Build.0 = Debug|Any CPU
		{47AB4AB9-B993-445E-A9A7-F2D72B5ABF94}.Release|Any CPU.ActiveCfg = Release|Any CPU
		{47AB4AB9-B993-445E-A9A7-F2D72B5ABF94}.Release|Any CPU.Build.0 = Release|Any CPU
	EndGlobalSection
	GlobalSection(SolutionProperties) = preSolution
		HideSolutionNode = FALSE
	EndGlobalSection
	GlobalSection(ExtensibilityGlobals) = postSolution
		SolutionGuid = {B3A51E2C-4BF7-4400-B100-17422374DFED}
	EndGlobalSection
EndGlobal
